{
  "name": "wifi-analyzer",
  "version": "1.0.0",
  "lockfileVersion": 1,
  "requires": true,
  "dependencies": {
    "@types/body-parser": {
      "version": "1.19.0",
      "resolved": "https://registry.npmjs.org/@types/body-parser/-/body-parser-1.19.0.tgz",
      "integrity": "sha512-W98JrE0j2K78swW4ukqMleo8R7h/pFETjM2DQ90MF6XK2i4LO4W3gQ71Lt4w3bfm2EvVSyWHplECvB5sK22yFQ==",
      "requires": {
        "@types/connect": "*",
        "@types/node": "*"
      }
    },
    "@types/cli-color": {
      "version": "2.0.0",
      "resolved": "https://registry.npmjs.org/@types/cli-color/-/cli-color-2.0.0.tgz",
      "integrity": "sha512-E2Oisr73FjwxMHkYU6RcN9P9mmrbG4TNQMIebWhazYxOgWRzA7s4hM+DtAs6ZwiwKFbPst42v1XUAC1APIhRJA==",
      "dev": true
    },
    "@types/component-emitter": {
      "version": "1.2.10",
      "resolved": "https://registry.npmjs.org/@types/component-emitter/-/component-emitter-1.2.10.tgz",
      "integrity": "sha512-bsjleuRKWmGqajMerkzox19aGbscQX5rmmvvXl3wlIp5gMG1HgkiwPxsN5p070fBDKTNSPgojVbuY1+HWMbFhg=="
    },
    "@types/connect": {
      "version": "3.4.33",
      "resolved": "https://registry.npmjs.org/@types/connect/-/connect-3.4.33.tgz",
      "integrity": "sha512-2+FrkXY4zllzTNfJth7jOqEHC+enpLeGslEhpnTAkg21GkRrWV4SsAtqchtT4YS9/nODBU2/ZfsBY2X4J/dX7A==",
      "requires": {
        "@types/node": "*"
      }
    },
    "@types/cookie": {
      "version": "0.4.0",
      "resolved": "https://registry.npmjs.org/@types/cookie/-/cookie-0.4.0.tgz",
      "integrity": "sha512-y7mImlc/rNkvCRmg8gC3/lj87S7pTUIJ6QGjwHR9WQJcFs+ZMTOaoPrkdFA/YdbuqVEmEbb5RdhVxMkAcgOnpg=="
    },
    "@types/cors": {
      "version": "2.8.8",
      "resolved": "https://registry.npmjs.org/@types/cors/-/cors-2.8.8.tgz",
      "integrity": "sha512-fO3gf3DxU2Trcbr75O7obVndW/X5k8rJNZkLXlQWStTHhP71PkRqjwPIEI0yMnJdg9R9OasjU+Bsr+Hr1xy/0w==",
      "requires": {
        "@types/express": "*"
      }
    },
    "@types/engine.io": {
      "version": "3.1.4",
      "resolved": "https://registry.npmjs.org/@types/engine.io/-/engine.io-3.1.4.tgz",
      "integrity": "sha512-98rXVukLD6/ozrQ2O80NAlWDGA4INg+tqsEReWJldqyi2fulC9V7Use/n28SWgROXKm6003ycWV4gZHoF8GA6w==",
      "dev": true,
      "requires": {
        "@types/node": "*"
      }
    },
    "@types/express": {
      "version": "4.17.9",
      "resolved": "https://registry.npmjs.org/@types/express/-/express-4.17.9.tgz",
      "integrity": "sha512-SDzEIZInC4sivGIFY4Sz1GG6J9UObPwCInYJjko2jzOf/Imx/dlpume6Xxwj1ORL82tBbmN4cPDIDkLbWHk9hw==",
      "requires": {
        "@types/body-parser": "*",
        "@types/express-serve-static-core": "*",
        "@types/qs": "*",
        "@types/serve-static": "*"
      }
    },
    "@types/express-serve-static-core": {
      "version": "4.17.14",
      "resolved": "https://registry.npmjs.org/@types/express-serve-static-core/-/express-serve-static-core-4.17.14.tgz",
      "integrity": "sha512-uFTLwu94TfUFMToXNgRZikwPuZdOtDgs3syBtAIr/OXorL1kJqUJT9qCLnRZ5KBOWfZQikQ2xKgR2tnDj1OgDA==",
      "requires": {
        "@types/node": "*",
        "@types/qs": "*",
        "@types/range-parser": "*"
      }
    },
    "@types/mime": {
      "version": "2.0.3",
      "resolved": "https://registry.npmjs.org/@types/mime/-/mime-2.0.3.tgz",
      "integrity": "sha512-Jus9s4CDbqwocc5pOAnh8ShfrnMcPHuJYzVcSUU7lrh8Ni5HuIqX3oilL86p3dlTrk0LzHRCgA/GQ7uNCw6l2Q=="
    },
    "@types/node": {
      "version": "14.14.7",
      "resolved": "https://registry.npmjs.org/@types/node/-/node-14.14.7.tgz",
      "integrity": "sha512-Zw1vhUSQZYw+7u5dAwNbIA9TuTotpzY/OF7sJM9FqPOF3SPjKnxrjoTktXDZgUjybf4cWVBP7O8wvKdSaGHweg=="
    },
    "@types/qs": {
      "version": "6.9.5",
      "resolved": "https://registry.npmjs.org/@types/qs/-/qs-6.9.5.tgz",
      "integrity": "sha512-/JHkVHtx/REVG0VVToGRGH2+23hsYLHdyG+GrvoUGlGAd0ErauXDyvHtRI/7H7mzLm+tBCKA7pfcpkQ1lf58iQ=="
    },
    "@types/range-parser": {
      "version": "1.2.3",
      "resolved": "https://registry.npmjs.org/@types/range-parser/-/range-parser-1.2.3.tgz",
      "integrity": "sha512-ewFXqrQHlFsgc09MK5jP5iR7vumV/BYayNC6PgJO2LPe8vrnNFyjQjSppfEngITi0qvfKtzFvgKymGheFM9UOA=="
    },
    "@types/serve-static": {
      "version": "1.13.8",
      "resolved": "https://registry.npmjs.org/@types/serve-static/-/serve-static-1.13.8.tgz",
      "integrity": "sha512-MoJhSQreaVoL+/hurAZzIm8wafFR6ajiTM1m4A0kv6AGeVBl4r4pOV8bGFrjjq1sGxDTnCoF8i22o0/aE5XCyA==",
      "requires": {
        "@types/mime": "*",
        "@types/node": "*"
      }
    },
    "@types/socket.io": {
      "version": "2.1.11",
      "resolved": "https://registry.npmjs.org/@types/socket.io/-/socket.io-2.1.11.tgz",
      "integrity": "sha512-bVprmqPhJMLb9ZCm8g0Xy8kwBFRbnanOWSxzWkDkkIwxTvud5tKMfAJymXX6LQbizUKCS1yima7JM4BeLqjNqA==",
      "dev": true,
      "requires": {
        "@types/engine.io": "*",
        "@types/node": "*"
      }
    },
    "accepts": {
      "version": "1.3.7",
      "resolved": "https://registry.npmjs.org/accepts/-/accepts-1.3.7.tgz",
      "integrity": "sha512-Il80Qs2WjYlJIBNzNkK6KYqlVMTbZLXgHx2oT0pU/fjRHyEp+PEfEPY0R3WCwAGVOtauxh1hOxNgIf5bv7dQpA==",
      "requires": {
        "mime-types": "~2.1.24",
        "negotiator": "0.6.2"
      }
    },
    "ansi-regex": {
      "version": "5.0.0",
      "resolved": "https://registry.npmjs.org/ansi-regex/-/ansi-regex-5.0.0.tgz",
      "integrity": "sha512-bY6fj56OUQ0hU1KjFNDQuJFezqKdrAyFdIevADiqrWHwSlbmBNMHp5ak2f40Pm8JTFyM2mqxkG6ngkHO11f/lg==",
      "dev": true
    },
    "base64id": {
      "version": "2.0.0",
      "resolved": "https://registry.npmjs.org/base64id/-/base64id-2.0.0.tgz",
      "integrity": "sha512-lGe34o6EHj9y3Kts9R4ZYs/Gr+6N7MCaMlIFA3F1R2O5/m7K06AxfSeO5530PEERE6/WyEg3lsuyw4GHlPZHog=="
    },
    "cli-color": {
      "version": "2.0.0",
      "resolved": "https://registry.npmjs.org/cli-color/-/cli-color-2.0.0.tgz",
      "integrity": "sha512-a0VZ8LeraW0jTuCkuAGMNufareGHhyZU9z8OGsW0gXd1hZGi1SRuNRXdbGkraBBKnhyUhyebFWnRbp+dIn0f0A==",
      "requires": {
        "ansi-regex": "^2.1.1",
        "d": "^1.0.1",
        "es5-ext": "^0.10.51",
        "es6-iterator": "^2.0.3",
        "memoizee": "^0.4.14",
        "timers-ext": "^0.1.7"
      },
      "dependencies": {
        "ansi-regex": {
          "version": "2.1.1",
          "resolved": "https://registry.npmjs.org/ansi-regex/-/ansi-regex-2.1.1.tgz",
          "integrity": "sha1-w7M6te42DYbg5ijwRorn7yfWVN8="
        }
      }
    },
    "component-emitter": {
      "version": "1.3.0",
      "resolved": "https://registry.npmjs.org/component-emitter/-/component-emitter-1.3.0.tgz",
      "integrity": "sha512-Rd3se6QB+sO1TwqZjscQrurpEPIfO0/yYnSin6Q/rD3mOutHvUrCAhJub3r90uNb+SESBuE0QYoB90YdfatsRg=="
    },
    "cookie": {
      "version": "0.4.1",
      "resolved": "https://registry.npmjs.org/cookie/-/cookie-0.4.1.tgz",
      "integrity": "sha512-ZwrFkGJxUR3EIoXtO+yVE69Eb7KlixbaeAWfBQB9vVsNn/o+Yw69gBWSSDK825hQNdN+wF8zELf3dFNl/kxkUA=="
    },
    "cors": {
      "version": "2.8.5",
      "resolved": "https://registry.npmjs.org/cors/-/cors-2.8.5.tgz",
      "integrity": "sha512-KIHbLJqu73RGr/hnbrO9uBeixNGuvSQjul/jdFvS/KFSIH1hWVd1ng7zOHx+YrEfInLG7q4n6GHQ9cDtxv/P6g==",
      "requires": {
        "object-assign": "^4",
        "vary": "^1"
      }
    },
    "cross-spawn": {
      "version": "7.0.3",
      "resolved": "https://registry.npmjs.org/cross-spawn/-/cross-spawn-7.0.3.tgz",
      "integrity": "sha512-iRDPJKUPVEND7dHPO8rkbOnPpyDygcDFtWjpeWNCgy8WP2rXcxXL8TskReQl6OrB2G7+UJrags1q15Fudc7G6w==",
      "dev": true,
      "requires": {
        "path-key": "^3.1.0",
        "shebang-command": "^2.0.0",
        "which": "^2.0.1"
      }
    },
    "d": {
      "version": "1.0.1",
      "resolved": "https://registry.npmjs.org/d/-/d-1.0.1.tgz",
      "integrity": "sha512-m62ShEObQ39CfralilEQRjH6oAMtNCV1xJyEx5LpRYUVN+EviphDgUc/F3hnYbADmkiNs67Y+3ylmlG7Lnu+FA==",
      "requires": {
        "es5-ext": "^0.10.50",
        "type": "^1.0.1"
      }
    },
    "debug": {
      "version": "4.1.1",
      "resolved": "https://registry.npmjs.org/debug/-/debug-4.1.1.tgz",
      "integrity": "sha512-pYAIzeRo8J6KPEaJ0VWOh5Pzkbw/RetuzehGM7QRRX5he4fPHx2rdKMB256ehJCkX+XRQm16eZLqLNS8RSZXZw==",
      "requires": {
        "ms": "^2.1.1"
      }
    },
    "duplexer": {
      "version": "0.1.2",
      "resolved": "https://registry.npmjs.org/duplexer/-/duplexer-0.1.2.tgz",
      "integrity": "sha512-jtD6YG370ZCIi/9GTaJKQxWTZD045+4R4hTk/x1UyoqadyJ9x9CgSi1RlVDQF8U2sxLLSnFkCaMihqljHIWgMg==",
      "dev": true
    },
    "engine.io": {
      "version": "4.0.4",
      "resolved": "https://registry.npmjs.org/engine.io/-/engine.io-4.0.4.tgz",
      "integrity": "sha512-4ggUX5pICZU17OTZNFv5+uFE/ZyoK+TIXv2SvxWWX8lwStllQ6Lvvs4lDBqvKpV9EYXNcvlNOcjKChd/mo+8Tw==",
      "requires": {
        "accepts": "~1.3.4",
        "base64id": "2.0.0",
        "cookie": "~0.4.1",
        "cors": "~2.8.5",
        "debug": "~4.1.0",
        "engine.io-parser": "~4.0.0",
        "ws": "^7.1.2"
      }
    },
    "engine.io-parser": {
      "version": "4.0.1",
      "resolved": "https://registry.npmjs.org/engine.io-parser/-/engine.io-parser-4.0.1.tgz",
      "integrity": "sha512-v5aZK1hlckcJDGmHz3W8xvI3NUHYc9t8QtTbqdR5OaH3S9iJZilPubauOm+vLWOMMWzpE3hiq92l9lTAHamRCg=="
    },
    "es5-ext": {
      "version": "0.10.53",
      "resolved": "https://registry.npmjs.org/es5-ext/-/es5-ext-0.10.53.tgz",
      "integrity": "sha512-Xs2Stw6NiNHWypzRTY1MtaG/uJlwCk8kH81920ma8mvN8Xq1gsfhZvpkImLQArw8AHnv8MT2I45J3c0R8slE+Q==",
      "requires": {
        "es6-iterator": "~2.0.3",
        "es6-symbol": "~3.1.3",
        "next-tick": "~1.0.0"
      }
    },
    "es6-iterator": {
      "version": "2.0.3",
      "resolved": "https://registry.npmjs.org/es6-iterator/-/es6-iterator-2.0.3.tgz",
      "integrity": "sha1-p96IkUGgWpSwhUQDstCg+/qY87c=",
      "requires": {
        "d": "1",
        "es5-ext": "^0.10.35",
        "es6-symbol": "^3.1.1"
      }
    },
    "es6-symbol": {
      "version": "3.1.3",
      "resolved": "https://registry.npmjs.org/es6-symbol/-/es6-symbol-3.1.3.tgz",
      "integrity": "sha512-NJ6Yn3FuDinBaBRWl/q5X/s4koRHBrgKAu+yGI6JCBeiu3qrcbJhwT2GeR/EXVfylRk8dpQVJoLEFhK+Mu31NA==",
      "requires": {
        "d": "^1.0.1",
        "ext": "^1.1.2"
      }
    },
    "es6-weak-map": {
      "version": "2.0.3",
      "resolved": "https://registry.npmjs.org/es6-weak-map/-/es6-weak-map-2.0.3.tgz",
      "integrity": "sha512-p5um32HOTO1kP+w7PRnB+5lQ43Z6muuMuIMffvDN8ZB4GcnjLBV6zGStpbASIMk4DCAvEaamhe2zhyCb/QXXsA==",
      "requires": {
        "d": "1",
        "es5-ext": "^0.10.46",
        "es6-iterator": "^2.0.3",
        "es6-symbol": "^3.1.1"
      }
    },
    "event-emitter": {
      "version": "0.3.5",
      "resolved": "https://registry.npmjs.org/event-emitter/-/event-emitter-0.3.5.tgz",
      "integrity": "sha1-34xp7vFkeSPHFXuc6DhAYQsCzDk=",
      "requires": {
        "d": "1",
        "es5-ext": "~0.10.14"
      }
    },
    "event-stream": {
      "version": "3.3.4",
      "resolved": "https://registry.npmjs.org/event-stream/-/event-stream-3.3.4.tgz",
      "integrity": "sha1-SrTJoPWlTbkzi0w02Gv86PSzVXE=",
      "dev": true,
      "requires": {
        "duplexer": "~0.1.1",
        "from": "~0",
        "map-stream": "~0.1.0",
        "pause-stream": "0.0.11",
        "split": "0.3",
        "stream-combiner": "~0.0.4",
        "through": "~2.3.1"
      }
    },
    "ext": {
      "version": "1.4.0",
      "resolved": "https://registry.npmjs.org/ext/-/ext-1.4.0.tgz",
      "integrity": "sha512-Key5NIsUxdqKg3vIsdw9dSuXpPCQ297y6wBjL30edxwPgt2E44WcWBZey/ZvUc6sERLTxKdyCu4gZFmUbk1Q7A==",
      "requires": {
        "type": "^2.0.0"
      },
      "dependencies": {
        "type": {
          "version": "2.1.0",
          "resolved": "https://registry.npmjs.org/type/-/type-2.1.0.tgz",
          "integrity": "sha512-G9absDWvhAWCV2gmF1zKud3OyC61nZDwWvBL2DApaVFogI07CprggiQAOOjvp2NRjYWFzPyu7vwtDrQFq8jeSA=="
        }
      }
    },
    "from": {
      "version": "0.1.7",
      "resolved": "https://registry.npmjs.org/from/-/from-0.1.7.tgz",
      "integrity": "sha1-g8YK/Fi5xWmXAH7Rp2izqzA6RP4=",
      "dev": true
    },
    "is-promise": {
      "version": "2.2.2",
      "resolved": "https://registry.npmjs.org/is-promise/-/is-promise-2.2.2.tgz",
      "integrity": "sha512-+lP4/6lKUBfQjZ2pdxThZvLUAafmZb8OAxFb8XXtiQmS35INgr85hdOGoEs124ez1FCnZJt6jau/T+alh58QFQ=="
    },
    "isexe": {
      "version": "2.0.0",
      "resolved": "https://registry.npmjs.org/isexe/-/isexe-2.0.0.tgz",
      "integrity": "sha1-6PvzdNxVb/iUehDcsFctYz8s+hA=",
      "dev": true
    },
    "lru-queue": {
      "version": "0.1.0",
      "resolved": "https://registry.npmjs.org/lru-queue/-/lru-queue-0.1.0.tgz",
      "integrity": "sha1-Jzi9nw089PhEkMVzbEhpmsYyzaM=",
      "requires": {
        "es5-ext": "~0.10.2"
      }
    },
    "map-stream": {
      "version": "0.1.0",
      "resolved": "https://registry.npmjs.org/map-stream/-/map-stream-0.1.0.tgz",
      "integrity": "sha1-5WqpTEyAVaFkBKBnS3jyFffI4ZQ=",
      "dev": true
    },
    "memoizee": {
      "version": "0.4.14",
      "resolved": "https://registry.npmjs.org/memoizee/-/memoizee-0.4.14.tgz",
      "integrity": "sha512-/SWFvWegAIYAO4NQMpcX+gcra0yEZu4OntmUdrBaWrJncxOqAziGFlHxc7yjKVK2uu3lpPW27P27wkR82wA8mg==",
      "requires": {
        "d": "1",
        "es5-ext": "^0.10.45",
        "es6-weak-map": "^2.0.2",
        "event-emitter": "^0.3.5",
        "is-promise": "^2.1",
        "lru-queue": "0.1",
        "next-tick": "1",
        "timers-ext": "^0.1.5"
      }
    },
    "mime-db": {
      "version": "1.44.0",
      "resolved": "https://registry.npmjs.org/mime-db/-/mime-db-1.44.0.tgz",
      "integrity": "sha512-/NOTfLrsPBVeH7YtFPgsVWveuL+4SjjYxaQ1xtM1KMFj7HdxlBlxeyNLzhyJVx7r4rZGJAZ/6lkKCitSc/Nmpg=="
    },
    "mime-types": {
      "version": "2.1.27",
      "resolved": "https://registry.npmjs.org/mime-types/-/mime-types-2.1.27.tgz",
      "integrity": "sha512-JIhqnCasI9yD+SsmkquHBxTSEuZdQX5BuQnS2Vc7puQQQ+8yiP5AY5uWhpdv4YL4VM5c6iliiYWPgJ/nJQLp7w==",
      "requires": {
        "mime-db": "1.44.0"
      }
    },
    "ms": {
      "version": "2.1.2",
      "resolved": "https://registry.npmjs.org/ms/-/ms-2.1.2.tgz",
      "integrity": "sha512-sGkPx+VjMtmA6MX27oA4FBFELFCZZ4S4XqeGOXCv68tT+jb3vk/RyaKWP0PTKyWtmLSM0b+adUTEvbs1PEaH2w=="
    },
    "nan": {
      "version": "2.14.2",
      "resolved": "https://registry.npmjs.org/nan/-/nan-2.14.2.tgz",
      "integrity": "sha512-M2ufzIiINKCuDfBSAUr1vWQ+vuVcA9kqx8JJUsbQi6yf1uGRyb7HfpdfUr5qLXf3B/t8dPvcjhKMmlfnP47EzQ=="
    },
    "negotiator": {
      "version": "0.6.2",
      "resolved": "https://registry.npmjs.org/negotiator/-/negotiator-0.6.2.tgz",
      "integrity": "sha512-hZXc7K2e+PgeI1eDBe/10Ard4ekbfrrqG8Ep+8Jmf4JID2bNg7NvCPOZN+kfF574pFQI7mum2AUqDidoKqcTOw=="
    },
    "next-tick": {
      "version": "1.0.0",
      "resolved": "https://registry.npmjs.org/next-tick/-/next-tick-1.0.0.tgz",
      "integrity": "sha1-yobR/ogoFpsBICCOPchCS524NCw="
    },
    "node-cleanup": {
      "version": "2.1.2",
      "resolved": "https://registry.npmjs.org/node-cleanup/-/node-cleanup-2.1.2.tgz",
      "integrity": "sha1-esGavSl+Caf3KnFUXZUbUX5N3iw=",
      "dev": true
    },
    "object-assign": {
      "version": "4.1.1",
      "resolved": "https://registry.npmjs.org/object-assign/-/object-assign-4.1.1.tgz",
      "integrity": "sha1-IQmtx5ZYh8/AXLvUQsrIv7s2CGM="
    },
    "path-key": {
      "version": "3.1.1",
      "resolved": "https://registry.npmjs.org/path-key/-/path-key-3.1.1.tgz",
      "integrity": "sha512-ojmeN0qd+y0jszEtoY48r0Peq5dwMEkIlCOu6Q5f41lfkswXuKtYrhgoTpLnyIcHm24Uhqx+5Tqm2InSwLhE6Q==",
      "dev": true
    },
    "pause-stream": {
      "version": "0.0.11",
      "resolved": "https://registry.npmjs.org/pause-stream/-/pause-stream-0.0.11.tgz",
      "integrity": "sha1-/lo0sMvOErWqaitAPuLnO2AvFEU=",
      "dev": true,
      "requires": {
        "through": "~2.3"
      }
    },
    "pcap": {
      "version": "3.1.0",
      "resolved": "https://registry.npmjs.org/pcap/-/pcap-3.1.0.tgz",
      "integrity": "sha512-bTmjruLZBmmlAc+wougRbKVzspUA4bqi505v70W/dQErmdiLs8n5pNc1Z41lj8TAkZG6GZD/1mMY0VC+uj/PBQ==",
      "requires": {
        "@types/node": "^10.0.0",
        "nan": "^2.14.0"
      },
      "dependencies": {
        "@types/node": {
          "version": "10.17.44",
          "resolved": "https://registry.npmjs.org/@types/node/-/node-10.17.44.tgz",
          "integrity": "sha512-vHPAyBX1ffLcy4fQHmDyIUMUb42gHZjPHU66nhvbMzAWJqHnySGZ6STwN3rwrnSd1FHB0DI/RWgGELgKSYRDmw=="
        }
      }
    },
    "ps-tree": {
      "version": "1.2.0",
      "resolved": "https://registry.npmjs.org/ps-tree/-/ps-tree-1.2.0.tgz",
      "integrity": "sha512-0VnamPPYHl4uaU/nSFeZZpR21QAWRz+sRv4iW9+v/GS/J5U5iZB5BNN6J0RMoOvdx2gWM2+ZFMIm58q24e4UYA==",
      "dev": true,
      "requires": {
        "event-stream": "=3.3.4"
      }
    },
    "shebang-command": {
      "version": "2.0.0",
      "resolved": "https://registry.npmjs.org/shebang-command/-/shebang-command-2.0.0.tgz",
      "integrity": "sha512-kHxr2zZpYtdmrN1qDjrrX/Z1rR1kG8Dx+gkpK1G4eXmvXswmcE1hTWBWYUzlraYw1/yZp6YuDY77YtvbN0dmDA==",
      "dev": true,
      "requires": {
        "shebang-regex": "^3.0.0"
      }
    },
    "shebang-regex": {
      "version": "3.0.0",
      "resolved": "https://registry.npmjs.org/shebang-regex/-/shebang-regex-3.0.0.tgz",
      "integrity": "sha512-7++dFhtcx3353uBaq8DDR4NuxBetBzC7ZQOhmTQInHEd6bSrXdiEyzCvG07Z44UYdLShWUyXt5M/yhz8ekcb1A==",
      "dev": true
    },
    "socket.io": {
      "version": "3.0.3",
      "resolved": "https://registry.npmjs.org/socket.io/-/socket.io-3.0.3.tgz",
      "integrity": "sha512-TC1GnSXhDVmd3bHji5aG7AgWB8UL7E6quACbKra8uFXBqlMwEDbrJFK+tjuIY5Pe9N0L+MAPPDv3pycnn0000A==",
      "requires": {
        "@types/cookie": "^0.4.0",
        "@types/cors": "^2.8.8",
        "@types/node": "^14.14.7",
        "accepts": "~1.3.4",
        "base64id": "~2.0.0",
        "debug": "~4.1.0",
        "engine.io": "~4.0.0",
        "socket.io-adapter": "~2.0.3",
        "socket.io-parser": "~4.0.1"
      }
    },
    "socket.io-adapter": {
      "version": "2.0.3",
      "resolved": "https://registry.npmjs.org/socket.io-adapter/-/socket.io-adapter-2.0.3.tgz",
      "integrity": "sha512-2wo4EXgxOGSFueqvHAdnmi5JLZzWqMArjuP4nqC26AtLh5PoCPsaRbRdah2xhcwTAMooZfjYiNVNkkmmSMaxOQ=="
    },
    "socket.io-parser": {
      "version": "4.0.2",
      "resolved": "https://registry.npmjs.org/socket.io-parser/-/socket.io-parser-4.0.2.tgz",
      "integrity": "sha512-Bs3IYHDivwf+bAAuW/8xwJgIiBNtlvnjYRc4PbXgniLmcP1BrakBoq/QhO24rgtgW7VZ7uAaswRGxutUnlAK7g==",
      "requires": {
        "@types/component-emitter": "^1.2.10",
        "component-emitter": "~1.3.0",
        "debug": "~4.1.0"
      }
    },
    "split": {
      "version": "0.3.3",
      "resolved": "https://registry.npmjs.org/split/-/split-0.3.3.tgz",
      "integrity": "sha1-zQ7qXmOiEd//frDwkcQTPi0N0o8=",
      "dev": true,
      "requires": {
        "through": "2"
      }
    },
    "stream-combiner": {
      "version": "0.0.4",
      "resolved": "https://registry.npmjs.org/stream-combiner/-/stream-combiner-0.0.4.tgz",
      "integrity": "sha1-TV5DPBhSYd3mI8o/RMWGvPXErRQ=",
      "dev": true,
      "requires": {
        "duplexer": "~0.1.1"
      }
    },
    "string-argv": {
      "version": "0.1.2",
      "resolved": "https://registry.npmjs.org/string-argv/-/string-argv-0.1.2.tgz",
      "integrity": "sha512-mBqPGEOMNJKXRo7z0keX0wlAhbBAjilUdPW13nN0PecVryZxdHIeM7TqbsSUA7VYuS00HGC6mojP7DlQzfa9ZA==",
      "dev": true
    },
    "strip-ansi": {
      "version": "6.0.0",
      "resolved": "https://registry.npmjs.org/strip-ansi/-/strip-ansi-6.0.0.tgz",
      "integrity": "sha512-AuvKTrTfQNYNIctbR1K/YGTR1756GycPsg7b9bdV9Duqur4gv6aKqHXah67Z8ImS7WEz5QVcOtlfW2rZEugt6w==",
      "dev": true,
      "requires": {
        "ansi-regex": "^5.0.0"
      }
    },
    "through": {
      "version": "2.3.8",
      "resolved": "https://registry.npmjs.org/through/-/through-2.3.8.tgz",
      "integrity": "sha1-DdTJ/6q8NXlgsbckEV1+Doai4fU=",
      "dev": true
    },
    "timers-ext": {
      "version": "0.1.7",
      "resolved": "https://registry.npmjs.org/timers-ext/-/timers-ext-0.1.7.tgz",
      "integrity": "sha512-b85NUNzTSdodShTIbky6ZF02e8STtVVfD+fu4aXXShEELpozH+bCpJLYMPZbsABN2wDH7fJpqIoXxJpzbf0NqQ==",
      "requires": {
        "es5-ext": "~0.10.46",
        "next-tick": "1"
      }
    },
    "tsc-watch": {
      "version": "4.2.9",
      "resolved": "https://registry.npmjs.org/tsc-watch/-/tsc-watch-4.2.9.tgz",
      "integrity": "sha512-DlTaoDs74+KUpyWr7dCGhuscAUKCz6CiFduBN7R9RbLJSSN1moWdwoCLASE7+zLgGvV5AwXfYDiEMAsPGaO+Vw==",
      "dev": true,
      "requires": {
        "cross-spawn": "^7.0.3",
        "node-cleanup": "^2.1.2",
        "ps-tree": "^1.2.0",
        "string-argv": "^0.1.1",
        "strip-ansi": "^6.0.0"
      }
    },
    "type": {
      "version": "1.2.0",
      "resolved": "https://registry.npmjs.org/type/-/type-1.2.0.tgz",
      "integrity": "sha512-+5nt5AAniqsCnu2cEQQdpzCAh33kVx8n0VoFidKpB1dVVLAN/F+bgVOqOJqOnEnrhp222clB5p3vUlD+1QAnfg=="
    },
    "typescript": {
      "version": "4.0.5",
      "resolved": "https://registry.npmjs.org/typescript/-/typescript-4.0.5.tgz",
      "integrity": "sha512-ywmr/VrTVCmNTJ6iV2LwIrfG1P+lv6luD8sUJs+2eI9NLGigaN+nUQc13iHqisq7bra9lnmUSYqbJvegraBOPQ==",
      "dev": true
    },
    "vary": {
      "version": "1.1.2",
      "resolved": "https://registry.npmjs.org/vary/-/vary-1.1.2.tgz",
      "integrity": "sha1-IpnwLG3tMNSllhsLn3RSShj2NPw="
    },
    "which": {
      "version": "2.0.2",
      "resolved": "https://registry.npmjs.org/which/-/which-2.0.2.tgz",
      "integrity": "sha512-BLI3Tl1TW3Pvl70l3yq3Y64i+awpwXqsGBYWkkqMtnbXgrMD+yj7rhW0kuEDxzJaYXGjEW5ogapKNMEKNMjibA==",
      "dev": true,
      "requires": {
        "isexe": "^2.0.0"
      }
    },
    "ws": {
      "version": "7.4.0",
      "resolved": "https://registry.npmjs.org/ws/-/ws-7.4.0.tgz",
      "integrity": "sha512-kyFwXuV/5ymf+IXhS6f0+eAFvydbaBW3zjpT6hUdAh/hbVjTIB5EHBGi0bPoCLSK2wcuz3BrEkB9LrYv1Nm4NQ=="
    }
  }
}
